
Microsoft Visual Studio Solution File, Format Version 12.00
# Visual Studio Version 16
VisualStudioVersion = 16.0.31727.386
MinimumVisualStudioVersion = 10.0.40219.1
Project("{FAE04EC0-301F-11D3-BF4B-00C04F79EFBC}") = "EstateProject", "EstateProject\EstateProject.csproj", "{45322D38-5D44-4B72-949A-DFE17CB62EA9}"
EndProject
Global
	GlobalSection(SolutionConfigurationPlatforms) = preSolution
		Debug|Any CPU = Debug|Any CPU
		Release|Any CPU = Release|Any CPU
	EndGlobalSection
	GlobalSection(ProjectConfigurationPlatforms) = postSolution
		{45322D38-5D44-4B72-949A-DFE17CB62EA9}.Debug|Any CPU.ActiveCfg = Debug|Any CPU
		{45322D38-5D44-4B72-949A-DFE17CB62EA9}.Debug|Any CPU.Build.0 = Debug|Any CPU
		{45322D38-5D44-4B72-949A-DFE17CB62EA9}.Release|Any CPU.ActiveCfg = Release|Any CPU
		{45322D38-5D44-4B72-949A-DFE17CB62EA9}.Release|Any CPU.Build.0 = Release|Any CPU
	EndGlobalSection
	GlobalSection(SolutionProperties) = preSolution
		HideSolutionNode = FALSE
	EndGlobalSection
	GlobalSection(ExtensibilityGlobals) = postSolution
		SolutionGuid = {1DFD5776-399D-4B45-92C6-E7EEB0ED4173}
	EndGlobalSection
EndGlobal
